
Microsoft Visual Studio Solution File, Format Version 12.00
# Visual Studio Version 17
VisualStudioVersion = 17.5.33414.496
MinimumVisualStudioVersion = 10.0.40219.1
Project("{54A90642-561A-4BB1-A94E-469ADEE60C69}") = "reactapp", "reactapp\reactapp.esproj", "{C8C759DA-C2D9-4AFF-BBE7-87F14B20F2A5}"
EndProject
Project("{9A19103F-16F7-4668-BE54-9A1E7A4F7556}") = "webapi", "webapi\webapi.csproj", "{1800A61D-7CD9-479B-9188-A80DB092C16B}"
EndProject
Global
	GlobalSection(SolutionConfigurationPlatforms) = preSolution
		Debug|Any CPU = Debug|Any CPU
		Release|Any CPU = Release|Any CPU
	EndGlobalSection
	GlobalSection(ProjectConfigurationPlatforms) = postSolution
		{C8C759DA-C2D9-4AFF-BBE7-87F14B20F2A5}.Debug|Any CPU.ActiveCfg = Debug|Any CPU
		{C8C759DA-C2D9-4AFF-BBE7-87F14B20F2A5}.Debug|Any CPU.Build.0 = Debug|Any CPU
		{C8C759DA-C2D9-4AFF-BBE7-87F14B20F2A5}.Debug|Any CPU.Deploy.0 = Debug|Any CPU
		{C8C759DA-C2D9-4AFF-BBE7-87F14B20F2A5}.Release|Any CPU.ActiveCfg = Release|Any CPU
		{C8C759DA-C2D9-4AFF-BBE7-87F14B20F2A5}.Release|Any CPU.Build.0 = Release|Any CPU
		{C8C759DA-C2D9-4AFF-BBE7-87F14B20F2A5}.Release|Any CPU.Deploy.0 = Release|Any CPU
		{1800A61D-7CD9-479B-9188-A80DB092C16B}.Debug|Any CPU.ActiveCfg = Debug|Any CPU
		{1800A61D-7CD9-479B-9188-A80DB092C16B}.Debug|Any CPU.Build.0 = Debug|Any CPU
		{1800A61D-7CD9-479B-9188-A80DB092C16B}.Release|Any CPU.ActiveCfg = Release|Any CPU
		{1800A61D-7CD9-479B-9188-A80DB092C16B}.Release|Any CPU.Build.0 = Release|Any CPU
	EndGlobalSection
	GlobalSection(SolutionProperties) = preSolution
		HideSolutionNode = FALSE
	EndGlobalSection
	GlobalSection(ExtensibilityGlobals) = postSolution
		SolutionGuid = {BED994DE-72B3-4C8D-A2BD-AE1DF6564E53}
	EndGlobalSection
EndGlobal
